{
  "version": 1,
  "dependencies": {
    ".NETFramework,Version=v4.8": {
      "BouncyCastle": {
        "type": "Direct",
        "requested": "[1.8.9, )",
        "resolved": "1.8.9",
        "contentHash": "axnBgvdD5n+FnEG6efk/tfKuMFru7R/EoISH9zjh319yb3HD24TEHSAbNN/lTRT2ulOGRxDgOsCjkuk08iwWPg=="
      },
      "Newtonsoft.Json": {
        "type": "Direct",
        "requested": "[11.0.2, )",
        "resolved": "11.0.2",
        "contentHash": "IvJe1pj7JHEsP8B8J8DwlMEx8UInrs/x+9oVY+oCD13jpLu4JbJU2WCIsMRn5C4yW9+DgkaO8uiVE5VHKjpmdQ=="
      }
    },
    ".NETStandard,Version=v2.0": {
      "BouncyCastle.NetCore": {
        "type": "Direct",
        "requested": "[1.8.8, )",
        "resolved": "1.8.8",
        "contentHash": "Jx3dQd4SQOHZmxcImYSp0YT2WpYxosQXoZutbHORhFK/zHGH8aykfIyM6S4DVGyu4g9+KHGJUQEh2RH4qXj/Jg=="
      },
      "NETStandard.Library": {
        "type": "Direct",
        "requested": "[2.0.3, )",
        "resolved": "2.0.3",
        "contentHash": "st47PosZSHrjECdjeIzZQbzivYBJFv6P2nv4cj2ypdI204DO+vZ7l5raGMiX4eXMJ53RfOIg+/s4DHVZ54Nu2A==",
        "dependencies": {
          "Microsoft.NETCore.Platforms": "1.1.0"
        }
      },
      "Newtonsoft.Json": {
        "type": "Direct",
        "requested": "[11.0.2, )",
        "resolved": "11.0.2",
        "contentHash": "IvJe1pj7JHEsP8B8J8DwlMEx8UInrs/x+9oVY+oCD13jpLu4JbJU2WCIsMRn5C4yW9+DgkaO8uiVE5VHKjpmdQ=="
      },
      "Microsoft.NETCore.Platforms": {
        "type": "Transitive",
        "resolved": "1.1.0",
        "contentHash": "kz0PEW2lhqygehI/d6XsPCQzD7ff7gUJaVGPVETX611eadGsA3A877GdSlU0LRVMCTH/+P3o2iDTak+S08V2+A=="
      }
    },
    "net6.0": {
      "Newtonsoft.Json": {
        "type": "Direct",
        "requested": "[11.0.2, )",
        "resolved": "11.0.2",
        "contentHash": "IvJe1pj7JHEsP8B8J8DwlMEx8UInrs/x+9oVY+oCD13jpLu4JbJU2WCIsMRn5C4yW9+DgkaO8uiVE5VHKjpmdQ=="
      }
    }
  }
}